
Microsoft Visual Studio Solution File, Format Version 12.00
# Visual Studio 15
VisualStudioVersion = 15.0.27703.2042
MinimumVisualStudioVersion = 10.0.40219.1
Project("{FAE04EC0-301F-11D3-BF4B-00C04F79EFBC}") = "SignalR.WebServer", "SignalR.WebServer\SignalR.WebServer.csproj", "{808E8214-645B-4569-BFB7-2449922B3ACC}"
EndProject
Global
	GlobalSection(SolutionConfigurationPlatforms) = preSolution
		Debug|Any CPU = Debug|Any CPU
		Release|Any CPU = Release|Any CPU
	EndGlobalSection
	GlobalSection(ProjectConfigurationPlatforms) = postSolution
		{808E8214-645B-4569-BFB7-2449922B3ACC}.Debug|Any CPU.ActiveCfg = Debug|Any CPU
		{808E8214-645B-4569-BFB7-2449922B3ACC}.Debug|Any CPU.Build.0 = Debug|Any CPU
		{808E8214-645B-4569-BFB7-2449922B3ACC}.Release|Any CPU.ActiveCfg = Release|Any CPU
		{808E8214-645B-4569-BFB7-2449922B3ACC}.Release|Any CPU.Build.0 = Release|Any CPU
	EndGlobalSection
	GlobalSection(SolutionProperties) = preSolution
		HideSolutionNode = FALSE
	EndGlobalSection
	GlobalSection(ExtensibilityGlobals) = postSolution
		SolutionGuid = {43916D9C-B988-4A62-B717-809980421087}
	EndGlobalSection
EndGlobal
